
Microsoft Visual Studio Solution File, Format Version 12.00
# Visual Studio Version 17
VisualStudioVersion = 17.1.32319.34
MinimumVisualStudioVersion = 10.0.40219.1
Project("{9A19103F-16F7-4668-BE54-9A1E7A4F7556}") = "gpx2vbo", "App\gpx2vbo.csproj", "{3BA762E0-F514-4829-BE69-649D2C0693F7}"
EndProject
Project("{9A19103F-16F7-4668-BE54-9A1E7A4F7556}") = "Tests", "Tests\Tests.csproj", "{AD8BC280-A17D-4D06-A08A-98B0AD176EA6}"
EndProject
Global
	GlobalSection(SolutionConfigurationPlatforms) = preSolution
		Debug|Any CPU = Debug|Any CPU
		Release|Any CPU = Release|Any CPU
	EndGlobalSection
	GlobalSection(ProjectConfigurationPlatforms) = postSolution
		{3BA762E0-F514-4829-BE69-649D2C0693F7}.Debug|Any CPU.ActiveCfg = Debug|Any CPU
		{3BA762E0-F514-4829-BE69-649D2C0693F7}.Debug|Any CPU.Build.0 = Debug|Any CPU
		{3BA762E0-F514-4829-BE69-649D2C0693F7}.Release|Any CPU.ActiveCfg = Release|Any CPU
		{3BA762E0-F514-4829-BE69-649D2C0693F7}.Release|Any CPU.Build.0 = Release|Any CPU
		{AD8BC280-A17D-4D06-A08A-98B0AD176EA6}.Debug|Any CPU.ActiveCfg = Debug|Any CPU
		{AD8BC280-A17D-4D06-A08A-98B0AD176EA6}.Debug|Any CPU.Build.0 = Debug|Any CPU
		{AD8BC280-A17D-4D06-A08A-98B0AD176EA6}.Release|Any CPU.ActiveCfg = Release|Any CPU
		{AD8BC280-A17D-4D06-A08A-98B0AD176EA6}.Release|Any CPU.Build.0 = Release|Any CPU
	EndGlobalSection
	GlobalSection(SolutionProperties) = preSolution
		HideSolutionNode = FALSE
	EndGlobalSection
	GlobalSection(ExtensibilityGlobals) = postSolution
		SolutionGuid = {7CBA3A38-9D2D-4BD7-A317-6491ECFB9B3D}
	EndGlobalSection
EndGlobal
